
Microsoft Visual Studio Solution File, Format Version 12.00
# Visual Studio 15
Project("{FAE04EC0-301F-11D3-BF4B-00C04F79EFBC}") = "Animancer.Examples", "Animancer.Examples.csproj", "{700C4D17-B867-D554-5B2A-1F04836C15B5}"
EndProject
Project("{FAE04EC0-301F-11D3-BF4B-00C04F79EFBC}") = "Hellwalker", "Hellwalker.csproj", "{6A4A69CE-7467-7B94-C20F-683F11E0E719}"
EndProject
Project("{FAE04EC0-301F-11D3-BF4B-00C04F79EFBC}") = "AstarPathfindingProject", "AstarPathfindingProject.csproj", "{ED9DD779-6FF9-FAA1-2F73-A8019CB22921}"
EndProject
Project("{FAE04EC0-301F-11D3-BF4B-00C04F79EFBC}") = "Animancer", "Animancer.csproj", "{97A722C3-54CD-D56A-34B5-7D7F9C5D0C44}"
EndProject
Project("{FAE04EC0-301F-11D3-BF4B-00C04F79EFBC}") = "Hellwalker.Plugins", "Hellwalker.Plugins.csproj", "{89702A6F-E05B-D4C7-F4BC-D5EFBF5C91DF}"
EndProject
Project("{FAE04EC0-301F-11D3-BF4B-00C04F79EFBC}") = "ootii", "ootii.csproj", "{0980ECC1-EF3F-A717-3798-EFCD24594F36}"
EndProject
Project("{FAE04EC0-301F-11D3-BF4B-00C04F79EFBC}") = "Animancer.FSM", "Animancer.FSM.csproj", "{D7A1E9A5-954F-40B9-46C8-E73F793A8833}"
EndProject
Project("{FAE04EC0-301F-11D3-BF4B-00C04F79EFBC}") = "ootii.Demos", "ootii.Demos.csproj", "{FFD13077-9419-1B44-6888-C95397F03887}"
EndProject
Project("{FAE04EC0-301F-11D3-BF4B-00C04F79EFBC}") = "AstarPathfindingProjectEditor", "AstarPathfindingProjectEditor.csproj", "{B6250B22-F8BE-601E-E0E6-B7D4C3AF750D}"
EndProject
Project("{FAE04EC0-301F-11D3-BF4B-00C04F79EFBC}") = "Hellwalker.Editor.Plugins", "Hellwalker.Editor.Plugins.csproj", "{903E85A8-8F05-6DAF-E88D-6EC24ABE3CDF}"
EndProject
Project("{FAE04EC0-301F-11D3-BF4B-00C04F79EFBC}") = "PackageToolsEditor", "PackageToolsEditor.csproj", "{C84BEC28-66A0-D5C4-FAE1-D5CA8972CC93}"
EndProject
Project("{FAE04EC0-301F-11D3-BF4B-00C04F79EFBC}") = "ootii.Editor", "ootii.Editor.csproj", "{D8EE24A0-9699-1746-83C5-B69D3DBC30FF}"
EndProject
Global
	GlobalSection(SolutionConfigurationPlatforms) = preSolution
		Debug|Any CPU = Debug|Any CPU
		Release|Any CPU = Release|Any CPU
	EndGlobalSection
	GlobalSection(ProjectConfigurationPlatforms) = postSolution
		{700C4D17-B867-D554-5B2A-1F04836C15B5}.Debug|Any CPU.ActiveCfg = Debug|Any CPU
		{700C4D17-B867-D554-5B2A-1F04836C15B5}.Debug|Any CPU.Build.0 = Debug|Any CPU
		{700C4D17-B867-D554-5B2A-1F04836C15B5}.Release|Any CPU.ActiveCfg = Release|Any CPU
		{700C4D17-B867-D554-5B2A-1F04836C15B5}.Release|Any CPU.Build.0 = Release|Any CPU
		{6A4A69CE-7467-7B94-C20F-683F11E0E719}.Debug|Any CPU.ActiveCfg = Debug|Any CPU
		{6A4A69CE-7467-7B94-C20F-683F11E0E719}.Debug|Any CPU.Build.0 = Debug|Any CPU
		{6A4A69CE-7467-7B94-C20F-683F11E0E719}.Release|Any CPU.ActiveCfg = Release|Any CPU
		{6A4A69CE-7467-7B94-C20F-683F11E0E719}.Release|Any CPU.Build.0 = Release|Any CPU
		{ED9DD779-6FF9-FAA1-2F73-A8019CB22921}.Debug|Any CPU.ActiveCfg = Debug|Any CPU
		{ED9DD779-6FF9-FAA1-2F73-A8019CB22921}.Debug|Any CPU.Build.0 = Debug|Any CPU
		{ED9DD779-6FF9-FAA1-2F73-A8019CB22921}.Release|Any CPU.ActiveCfg = Release|Any CPU
		{ED9DD779-6FF9-FAA1-2F73-A8019CB22921}.Release|Any CPU.Build.0 = Release|Any CPU
		{97A722C3-54CD-D56A-34B5-7D7F9C5D0C44}.Debug|Any CPU.ActiveCfg = Debug|Any CPU
		{97A722C3-54CD-D56A-34B5-7D7F9C5D0C44}.Debug|Any CPU.Build.0 = Debug|Any CPU
		{97A722C3-54CD-D56A-34B5-7D7F9C5D0C44}.Release|Any CPU.ActiveCfg = Release|Any CPU
		{97A722C3-54CD-D56A-34B5-7D7F9C5D0C44}.Release|Any CPU.Build.0 = Release|Any CPU
		{89702A6F-E05B-D4C7-F4BC-D5EFBF5C91DF}.Debug|Any CPU.ActiveCfg = Debug|Any CPU
		{89702A6F-E05B-D4C7-F4BC-D5EFBF5C91DF}.Debug|Any CPU.Build.0 = Debug|Any CPU
		{89702A6F-E05B-D4C7-F4BC-D5EFBF5C91DF}.Release|Any CPU.ActiveCfg = Release|Any CPU
		{89702A6F-E05B-D4C7-F4BC-D5EFBF5C91DF}.Release|Any CPU.Build.0 = Release|Any CPU
		{0980ECC1-EF3F-A717-3798-EFCD24594F36}.Debug|Any CPU.ActiveCfg = Debug|Any CPU
		{0980ECC1-EF3F-A717-3798-EFCD24594F36}.Debug|Any CPU.Build.0 = Debug|Any CPU
		{0980ECC1-EF3F-A717-3798-EFCD24594F36}.Release|Any CPU.ActiveCfg = Release|Any CPU
		{0980ECC1-EF3F-A717-3798-EFCD24594F36}.Release|Any CPU.Build.0 = Release|Any CPU
		{D7A1E9A5-954F-40B9-46C8-E73F793A8833}.Debug|Any CPU.ActiveCfg = Debug|Any CPU
		{D7A1E9A5-954F-40B9-46C8-E73F793A8833}.Debug|Any CPU.Build.0 = Debug|Any CPU
		{D7A1E9A5-954F-40B9-46C8-E73F793A8833}.Release|Any CPU.ActiveCfg = Release|Any CPU
		{D7A1E9A5-954F-40B9-46C8-E73F793A8833}.Release|Any CPU.Build.0 = Release|Any CPU
		{FFD13077-9419-1B44-6888-C95397F03887}.Debug|Any CPU.ActiveCfg = Debug|Any CPU
		{FFD13077-9419-1B44-6888-C95397F03887}.Debug|Any CPU.Build.0 = Debug|Any CPU
		{FFD13077-9419-1B44-6888-C95397F03887}.Release|Any CPU.ActiveCfg = Release|Any CPU
		{FFD13077-9419-1B44-6888-C95397F03887}.Release|Any CPU.Build.0 = Release|Any CPU
		{B6250B22-F8BE-601E-E0E6-B7D4C3AF750D}.Debug|Any CPU.ActiveCfg = Debug|Any CPU
		{B6250B22-F8BE-601E-E0E6-B7D4C3AF750D}.Debug|Any CPU.Build.0 = Debug|Any CPU
		{B6250B22-F8BE-601E-E0E6-B7D4C3AF750D}.Release|Any CPU.ActiveCfg = Release|Any CPU
		{B6250B22-F8BE-601E-E0E6-B7D4C3AF750D}.Release|Any CPU.Build.0 = Release|Any CPU
		{903E85A8-8F05-6DAF-E88D-6EC24ABE3CDF}.Debug|Any CPU.ActiveCfg = Debug|Any CPU
		{903E85A8-8F05-6DAF-E88D-6EC24ABE3CDF}.Debug|Any CPU.Build.0 = Debug|Any CPU
		{903E85A8-8F05-6DAF-E88D-6EC24ABE3CDF}.Release|Any CPU.ActiveCfg = Release|Any CPU
		{903E85A8-8F05-6DAF-E88D-6EC24ABE3CDF}.Release|Any CPU.Build.0 = Release|Any CPU
		{C84BEC28-66A0-D5C4-FAE1-D5CA8972CC93}.Debug|Any CPU.ActiveCfg = Debug|Any CPU
		{C84BEC28-66A0-D5C4-FAE1-D5CA8972CC93}.Debug|Any CPU.Build.0 = Debug|Any CPU
		{C84BEC28-66A0-D5C4-FAE1-D5CA8972CC93}.Release|Any CPU.ActiveCfg = Release|Any CPU
		{C84BEC28-66A0-D5C4-FAE1-D5CA8972CC93}.Release|Any CPU.Build.0 = Release|Any CPU
		{D8EE24A0-9699-1746-83C5-B69D3DBC30FF}.Debug|Any CPU.ActiveCfg = Debug|Any CPU
		{D8EE24A0-9699-1746-83C5-B69D3DBC30FF}.Debug|Any CPU.Build.0 = Debug|Any CPU
		{D8EE24A0-9699-1746-83C5-B69D3DBC30FF}.Release|Any CPU.ActiveCfg = Release|Any CPU
		{D8EE24A0-9699-1746-83C5-B69D3DBC30FF}.Release|Any CPU.Build.0 = Release|Any CPU
	EndGlobalSection
	GlobalSection(SolutionProperties) = preSolution
		HideSolutionNode = FALSE
	EndGlobalSection
EndGlobal
